
Microsoft Visual Studio Solution File, Format Version 12.00
# Visual Studio Version 17
VisualStudioVersion = 17.2.32630.192
MinimumVisualStudioVersion = 10.0.40219.1
Project("{FAE04EC0-301F-11D3-BF4B-00C04F79EFBC}") = "GradedExercise9", "GradedExercise9\GradedExercise9.csproj", "{56FCA9C0-4CA7-4A9E-81C7-C4B41E3A4035}"
EndProject
Project("{FAE04EC0-301F-11D3-BF4B-00C04F79EFBC}") = "GradedExercise9Driver", "GradedExercise9Driver\GradedExercise9Driver.csproj", "{98E7BBAD-ED69-4A59-90FF-3DD055A5BBCA}"
EndProject
Global
	GlobalSection(SolutionConfigurationPlatforms) = preSolution
		Debug|Any CPU = Debug|Any CPU
		Release|Any CPU = Release|Any CPU
	EndGlobalSection
	GlobalSection(ProjectConfigurationPlatforms) = postSolution
		{56FCA9C0-4CA7-4A9E-81C7-C4B41E3A4035}.Debug|Any CPU.ActiveCfg = Debug|Any CPU
		{56FCA9C0-4CA7-4A9E-81C7-C4B41E3A4035}.Debug|Any CPU.Build.0 = Debug|Any CPU
		{56FCA9C0-4CA7-4A9E-81C7-C4B41E3A4035}.Release|Any CPU.ActiveCfg = Release|Any CPU
		{56FCA9C0-4CA7-4A9E-81C7-C4B41E3A4035}.Release|Any CPU.Build.0 = Release|Any CPU
		{98E7BBAD-ED69-4A59-90FF-3DD055A5BBCA}.Debug|Any CPU.ActiveCfg = Debug|Any CPU
		{98E7BBAD-ED69-4A59-90FF-3DD055A5BBCA}.Debug|Any CPU.Build.0 = Debug|Any CPU
		{98E7BBAD-ED69-4A59-90FF-3DD055A5BBCA}.Release|Any CPU.ActiveCfg = Release|Any CPU
		{98E7BBAD-ED69-4A59-90FF-3DD055A5BBCA}.Release|Any CPU.Build.0 = Release|Any CPU
	EndGlobalSection
	GlobalSection(SolutionProperties) = preSolution
		HideSolutionNode = FALSE
	EndGlobalSection
	GlobalSection(ExtensibilityGlobals) = postSolution
		SolutionGuid = {01F54EF1-61D5-42BC-B891-829064B5DCB2}
	EndGlobalSection
EndGlobal
