
Microsoft Visual Studio Solution File, Format Version 12.00
# Visual Studio Version 17
VisualStudioVersion = 17.2.32630.192
MinimumVisualStudioVersion = 10.0.40219.1
Project("{FAE04EC0-301F-11D3-BF4B-00C04F79EFBC}") = "GradedExercise3", "GradedExercise3\GradedExercise3.csproj", "{697D8B7F-33A2-40B1-B6B7-2F62A8CEFCA9}"
EndProject
Global
	GlobalSection(SolutionConfigurationPlatforms) = preSolution
		Debug|Any CPU = Debug|Any CPU
		Release|Any CPU = Release|Any CPU
	EndGlobalSection
	GlobalSection(ProjectConfigurationPlatforms) = postSolution
		{697D8B7F-33A2-40B1-B6B7-2F62A8CEFCA9}.Debug|Any CPU.ActiveCfg = Debug|Any CPU
		{697D8B7F-33A2-40B1-B6B7-2F62A8CEFCA9}.Debug|Any CPU.Build.0 = Debug|Any CPU
		{697D8B7F-33A2-40B1-B6B7-2F62A8CEFCA9}.Release|Any CPU.ActiveCfg = Release|Any CPU
		{697D8B7F-33A2-40B1-B6B7-2F62A8CEFCA9}.Release|Any CPU.Build.0 = Release|Any CPU
	EndGlobalSection
	GlobalSection(SolutionProperties) = preSolution
		HideSolutionNode = FALSE
	EndGlobalSection
	GlobalSection(ExtensibilityGlobals) = postSolution
		SolutionGuid = {F189D60E-0AA7-41DC-9CFF-CE6B8DD25073}
	EndGlobalSection
EndGlobal
