
Microsoft Visual Studio Solution File, Format Version 12.00
# Visual Studio Version 16
VisualStudioVersion = 25.0.1704.0
MinimumVisualStudioVersion = 10.0.40219.1
Project("{FAE04EC0-301F-11D3-BF4B-00C04F79EFBC}") = "GradedExercise12", "GradedExercise12\GradedExercise12.csproj", "{2AF13826-94EA-4AEE-93A5-F4F00BCBE3C8}"
EndProject
Project("{FAE04EC0-301F-11D3-BF4B-00C04F79EFBC}") = "GradedExercise12Driver", "GradedExercise12Driver\GradedExercise12Driver.csproj", "{6C52441C-4FF2-4730-B2E2-845737270126}"
EndProject
Global
	GlobalSection(SolutionConfigurationPlatforms) = preSolution
		Debug|Any CPU = Debug|Any CPU
		Release|Any CPU = Release|Any CPU
	EndGlobalSection
	GlobalSection(ProjectConfigurationPlatforms) = postSolution
		{2AF13826-94EA-4AEE-93A5-F4F00BCBE3C8}.Debug|Any CPU.ActiveCfg = Debug|Any CPU
		{2AF13826-94EA-4AEE-93A5-F4F00BCBE3C8}.Debug|Any CPU.Build.0 = Debug|Any CPU
		{2AF13826-94EA-4AEE-93A5-F4F00BCBE3C8}.Release|Any CPU.ActiveCfg = Release|Any CPU
		{2AF13826-94EA-4AEE-93A5-F4F00BCBE3C8}.Release|Any CPU.Build.0 = Release|Any CPU
		{6C52441C-4FF2-4730-B2E2-845737270126}.Debug|Any CPU.ActiveCfg = Debug|Any CPU
		{6C52441C-4FF2-4730-B2E2-845737270126}.Debug|Any CPU.Build.0 = Debug|Any CPU
		{6C52441C-4FF2-4730-B2E2-845737270126}.Release|Any CPU.ActiveCfg = Release|Any CPU
		{6C52441C-4FF2-4730-B2E2-845737270126}.Release|Any CPU.Build.0 = Release|Any CPU
	EndGlobalSection
	GlobalSection(SolutionProperties) = preSolution
		HideSolutionNode = FALSE
	EndGlobalSection
	GlobalSection(ExtensibilityGlobals) = postSolution
		SolutionGuid = {71B5C1F9-FAE5-448E-9709-9CBC657E01F9}
	EndGlobalSection
EndGlobal
