
Microsoft Visual Studio Solution File, Format Version 12.00
# Visual Studio Version 16
VisualStudioVersion = 25.0.1704.0
MinimumVisualStudioVersion = 10.0.40219.1
Project("{FAE04EC0-301F-11D3-BF4B-00C04F79EFBC}") = "GradedExercise9", "GradedExercise9\GradedExercise9.csproj", "{46E4E7D5-7FEB-4CE5-8A25-1CAEDB855B70}"
EndProject
Project("{FAE04EC0-301F-11D3-BF4B-00C04F79EFBC}") = "GradedExercise9Driver", "GradedExercise9Driver\GradedExercise9Driver.csproj", "{10DEF77C-C8FD-4E76-806E-1BAEDEBDD36D}"
EndProject
Global
	GlobalSection(SolutionConfigurationPlatforms) = preSolution
		Debug|Any CPU = Debug|Any CPU
		Release|Any CPU = Release|Any CPU
	EndGlobalSection
	GlobalSection(ProjectConfigurationPlatforms) = postSolution
		{46E4E7D5-7FEB-4CE5-8A25-1CAEDB855B70}.Debug|Any CPU.ActiveCfg = Debug|Any CPU
		{46E4E7D5-7FEB-4CE5-8A25-1CAEDB855B70}.Debug|Any CPU.Build.0 = Debug|Any CPU
		{46E4E7D5-7FEB-4CE5-8A25-1CAEDB855B70}.Release|Any CPU.ActiveCfg = Release|Any CPU
		{46E4E7D5-7FEB-4CE5-8A25-1CAEDB855B70}.Release|Any CPU.Build.0 = Release|Any CPU
		{10DEF77C-C8FD-4E76-806E-1BAEDEBDD36D}.Debug|Any CPU.ActiveCfg = Debug|Any CPU
		{10DEF77C-C8FD-4E76-806E-1BAEDEBDD36D}.Debug|Any CPU.Build.0 = Debug|Any CPU
		{10DEF77C-C8FD-4E76-806E-1BAEDEBDD36D}.Release|Any CPU.ActiveCfg = Release|Any CPU
		{10DEF77C-C8FD-4E76-806E-1BAEDEBDD36D}.Release|Any CPU.Build.0 = Release|Any CPU
	EndGlobalSection
	GlobalSection(SolutionProperties) = preSolution
		HideSolutionNode = FALSE
	EndGlobalSection
	GlobalSection(ExtensibilityGlobals) = postSolution
		SolutionGuid = {5C36182F-8453-40D1-8BB5-3FF61E948305}
	EndGlobalSection
EndGlobal
