
Microsoft Visual Studio Solution File, Format Version 12.00
# Visual Studio Version 17
VisualStudioVersion = 17.2.32630.192
MinimumVisualStudioVersion = 10.0.40219.1
Project("{FAE04EC0-301F-11D3-BF4B-00C04F79EFBC}") = "ProgrammingAssignment1", "ProgrammingAssignment1\ProgrammingAssignment1.csproj", "{A2311BAF-A9DA-4C6C-A3BB-45305A3B56EB}"
EndProject
Project("{FAE04EC0-301F-11D3-BF4B-00C04F79EFBC}") = "ProgrammingAssignment1Driver", "ProgrammingAssignment1Driver\ProgrammingAssignment1Driver.csproj", "{722E2F7E-62B5-4D84-A5BD-FE711ECC529F}"
EndProject
Global
	GlobalSection(SolutionConfigurationPlatforms) = preSolution
		Debug|Any CPU = Debug|Any CPU
		Release|Any CPU = Release|Any CPU
	EndGlobalSection
	GlobalSection(ProjectConfigurationPlatforms) = postSolution
		{A2311BAF-A9DA-4C6C-A3BB-45305A3B56EB}.Debug|Any CPU.ActiveCfg = Debug|Any CPU
		{A2311BAF-A9DA-4C6C-A3BB-45305A3B56EB}.Debug|Any CPU.Build.0 = Debug|Any CPU
		{A2311BAF-A9DA-4C6C-A3BB-45305A3B56EB}.Release|Any CPU.ActiveCfg = Release|Any CPU
		{A2311BAF-A9DA-4C6C-A3BB-45305A3B56EB}.Release|Any CPU.Build.0 = Release|Any CPU
		{722E2F7E-62B5-4D84-A5BD-FE711ECC529F}.Debug|Any CPU.ActiveCfg = Debug|Any CPU
		{722E2F7E-62B5-4D84-A5BD-FE711ECC529F}.Debug|Any CPU.Build.0 = Debug|Any CPU
		{722E2F7E-62B5-4D84-A5BD-FE711ECC529F}.Release|Any CPU.ActiveCfg = Release|Any CPU
		{722E2F7E-62B5-4D84-A5BD-FE711ECC529F}.Release|Any CPU.Build.0 = Release|Any CPU
	EndGlobalSection
	GlobalSection(SolutionProperties) = preSolution
		HideSolutionNode = FALSE
	EndGlobalSection
	GlobalSection(ExtensibilityGlobals) = postSolution
		SolutionGuid = {5D1A80DF-D175-4BC1-8B2D-A71A22435CDB}
	EndGlobalSection
EndGlobal
