
Microsoft Visual Studio Solution File, Format Version 12.00
# Visual Studio Version 17
VisualStudioVersion = 17.4.33122.133
MinimumVisualStudioVersion = 10.0.40219.1
Project("{FAE04EC0-301F-11D3-BF4B-00C04F79EFBC}") = "PracticeProblem9", "PracticeProblem9\PracticeProblem9.csproj", "{EF439C39-C1B9-4DBE-BE5D-08CC3C0CFD76}"
EndProject
Global
	GlobalSection(SolutionConfigurationPlatforms) = preSolution
		Debug|Any CPU = Debug|Any CPU
		Release|Any CPU = Release|Any CPU
	EndGlobalSection
	GlobalSection(ProjectConfigurationPlatforms) = postSolution
		{EF439C39-C1B9-4DBE-BE5D-08CC3C0CFD76}.Debug|Any CPU.ActiveCfg = Debug|Any CPU
		{EF439C39-C1B9-4DBE-BE5D-08CC3C0CFD76}.Debug|Any CPU.Build.0 = Debug|Any CPU
		{EF439C39-C1B9-4DBE-BE5D-08CC3C0CFD76}.Release|Any CPU.ActiveCfg = Release|Any CPU
		{EF439C39-C1B9-4DBE-BE5D-08CC3C0CFD76}.Release|Any CPU.Build.0 = Release|Any CPU
	EndGlobalSection
	GlobalSection(SolutionProperties) = preSolution
		HideSolutionNode = FALSE
	EndGlobalSection
	GlobalSection(ExtensibilityGlobals) = postSolution
		SolutionGuid = {88DBA6F3-A0EC-4AA5-ACCB-6E201EDE0E9F}
	EndGlobalSection
EndGlobal
