
Microsoft Visual Studio Solution File, Format Version 12.00
# Visual Studio Version 17
VisualStudioVersion = 17.7.34003.232
MinimumVisualStudioVersion = 10.0.40219.1
Project("{9A19103F-16F7-4668-BE54-9A1E7A4F7556}") = "GradedExercise9", "GradedExercise9\GradedExercise9.csproj", "{5BD69496-5B33-44E1-A521-730B3F1A52C8}"
EndProject
Project("{9A19103F-16F7-4668-BE54-9A1E7A4F7556}") = "GradedExercise9Driver", "GradedExercise9Driver\GradedExercise9Driver.csproj", "{54507103-DA4F-4BC8-B797-916BB53447DA}"
EndProject
Global
	GlobalSection(SolutionConfigurationPlatforms) = preSolution
		Debug|Any CPU = Debug|Any CPU
		Release|Any CPU = Release|Any CPU
	EndGlobalSection
	GlobalSection(ProjectConfigurationPlatforms) = postSolution
		{5BD69496-5B33-44E1-A521-730B3F1A52C8}.Debug|Any CPU.ActiveCfg = Debug|Any CPU
		{5BD69496-5B33-44E1-A521-730B3F1A52C8}.Debug|Any CPU.Build.0 = Debug|Any CPU
		{5BD69496-5B33-44E1-A521-730B3F1A52C8}.Release|Any CPU.ActiveCfg = Release|Any CPU
		{5BD69496-5B33-44E1-A521-730B3F1A52C8}.Release|Any CPU.Build.0 = Release|Any CPU
		{54507103-DA4F-4BC8-B797-916BB53447DA}.Debug|Any CPU.ActiveCfg = Debug|Any CPU
		{54507103-DA4F-4BC8-B797-916BB53447DA}.Debug|Any CPU.Build.0 = Debug|Any CPU
		{54507103-DA4F-4BC8-B797-916BB53447DA}.Release|Any CPU.ActiveCfg = Release|Any CPU
		{54507103-DA4F-4BC8-B797-916BB53447DA}.Release|Any CPU.Build.0 = Release|Any CPU
	EndGlobalSection
	GlobalSection(SolutionProperties) = preSolution
		HideSolutionNode = FALSE
	EndGlobalSection
	GlobalSection(ExtensibilityGlobals) = postSolution
		SolutionGuid = {DC8E90C6-A1D4-4CA5-80B8-0F5803F55452}
	EndGlobalSection
EndGlobal
