
Microsoft Visual Studio Solution File, Format Version 12.00
# Visual Studio Version 17
VisualStudioVersion = 17.4.33122.133
MinimumVisualStudioVersion = 10.0.40219.1
Project("{FAE04EC0-301F-11D3-BF4B-00C04F79EFBC}") = "GradedExercise21", "GradedExercise21\GradedExercise21.csproj", "{1625D4AC-9E36-4163-8404-23410A4EE98C}"
EndProject
Project("{FAE04EC0-301F-11D3-BF4B-00C04F79EFBC}") = "GradedExercise21Driver", "GradedExercise21Driver\GradedExercise21Driver.csproj", "{1D8D6ED0-E93C-4BFF-8D9D-0E72E89E214B}"
EndProject
Global
	GlobalSection(SolutionConfigurationPlatforms) = preSolution
		Debug|Any CPU = Debug|Any CPU
		Release|Any CPU = Release|Any CPU
	EndGlobalSection
	GlobalSection(ProjectConfigurationPlatforms) = postSolution
		{1625D4AC-9E36-4163-8404-23410A4EE98C}.Debug|Any CPU.ActiveCfg = Debug|Any CPU
		{1625D4AC-9E36-4163-8404-23410A4EE98C}.Debug|Any CPU.Build.0 = Debug|Any CPU
		{1625D4AC-9E36-4163-8404-23410A4EE98C}.Release|Any CPU.ActiveCfg = Release|Any CPU
		{1625D4AC-9E36-4163-8404-23410A4EE98C}.Release|Any CPU.Build.0 = Release|Any CPU
		{1D8D6ED0-E93C-4BFF-8D9D-0E72E89E214B}.Debug|Any CPU.ActiveCfg = Debug|Any CPU
		{1D8D6ED0-E93C-4BFF-8D9D-0E72E89E214B}.Debug|Any CPU.Build.0 = Debug|Any CPU
		{1D8D6ED0-E93C-4BFF-8D9D-0E72E89E214B}.Release|Any CPU.ActiveCfg = Release|Any CPU
		{1D8D6ED0-E93C-4BFF-8D9D-0E72E89E214B}.Release|Any CPU.Build.0 = Release|Any CPU
	EndGlobalSection
	GlobalSection(SolutionProperties) = preSolution
		HideSolutionNode = FALSE
	EndGlobalSection
	GlobalSection(ExtensibilityGlobals) = postSolution
		SolutionGuid = {51447BBC-281D-4D36-9495-D2BC68B8E455}
	EndGlobalSection
EndGlobal
