
Microsoft Visual Studio Solution File, Format Version 12.00
# Visual Studio Version 16
VisualStudioVersion = 25.0.1704.0
MinimumVisualStudioVersion = 10.0.40219.1
Project("{FAE04EC0-301F-11D3-BF4B-00C04F79EFBC}") = "ProgrammingAssignment3", "ProgrammingAssignment3\ProgrammingAssignment3.csproj", "{B8C001A1-EDC6-440D-ACE1-60C6F76455CD}"
EndProject
Project("{FAE04EC0-301F-11D3-BF4B-00C04F79EFBC}") = "ProgrammingAssignment3Driver", "ProgrammingAssignment3Driver\ProgrammingAssignment3Driver.csproj", "{38653EED-29C7-42E3-9A47-364C7A8D9DE6}"
EndProject
Global
	GlobalSection(SolutionConfigurationPlatforms) = preSolution
		Debug|Any CPU = Debug|Any CPU
		Release|Any CPU = Release|Any CPU
	EndGlobalSection
	GlobalSection(ProjectConfigurationPlatforms) = postSolution
		{B8C001A1-EDC6-440D-ACE1-60C6F76455CD}.Debug|Any CPU.ActiveCfg = Debug|Any CPU
		{B8C001A1-EDC6-440D-ACE1-60C6F76455CD}.Debug|Any CPU.Build.0 = Debug|Any CPU
		{B8C001A1-EDC6-440D-ACE1-60C6F76455CD}.Release|Any CPU.ActiveCfg = Release|Any CPU
		{B8C001A1-EDC6-440D-ACE1-60C6F76455CD}.Release|Any CPU.Build.0 = Release|Any CPU
		{38653EED-29C7-42E3-9A47-364C7A8D9DE6}.Debug|Any CPU.ActiveCfg = Debug|Any CPU
		{38653EED-29C7-42E3-9A47-364C7A8D9DE6}.Debug|Any CPU.Build.0 = Debug|Any CPU
		{38653EED-29C7-42E3-9A47-364C7A8D9DE6}.Release|Any CPU.ActiveCfg = Release|Any CPU
		{38653EED-29C7-42E3-9A47-364C7A8D9DE6}.Release|Any CPU.Build.0 = Release|Any CPU
	EndGlobalSection
	GlobalSection(SolutionProperties) = preSolution
		HideSolutionNode = FALSE
	EndGlobalSection
	GlobalSection(ExtensibilityGlobals) = postSolution
		SolutionGuid = {1BA0CDDA-459A-485B-A3B6-5C488AA5CA89}
	EndGlobalSection
EndGlobal
